
Microsoft Visual Studio Solution File, Format Version 12.00
# Visual Studio 14
VisualStudioVersion = 14.0.25420.1
MinimumVisualStudioVersion = 10.0.40219.1
Project("{FAE04EC0-301F-11D3-BF4B-00C04F79EFBC}") = "SenchaDotNET", "SenchaDotNET\SenchaDotNET.csproj", "{B81A2B8F-B0DA-4FDD-B10C-CBAD1C208A98}"
EndProject
Global
	GlobalSection(SolutionConfigurationPlatforms) = preSolution
		Debug|Any CPU = Debug|Any CPU
		Release|Any CPU = Release|Any CPU
	EndGlobalSection
	GlobalSection(ProjectConfigurationPlatforms) = postSolution
		{B81A2B8F-B0DA-4FDD-B10C-CBAD1C208A98}.Debug|Any CPU.ActiveCfg = Debug|Any CPU
		{B81A2B8F-B0DA-4FDD-B10C-CBAD1C208A98}.Debug|Any CPU.Build.0 = Debug|Any CPU
		{B81A2B8F-B0DA-4FDD-B10C-CBAD1C208A98}.Release|Any CPU.ActiveCfg = Release|Any CPU
		{B81A2B8F-B0DA-4FDD-B10C-CBAD1C208A98}.Release|Any CPU.Build.0 = Release|Any CPU
	EndGlobalSection
	GlobalSection(SolutionProperties) = preSolution
		HideSolutionNode = FALSE
	EndGlobalSection
EndGlobal
